// !$*UTF8*$!
{
	archiveVersion = 1;
	classes = {
	};
	objectVersion = 55;
	objects = {

/* Begin PBXBuildFile section */
		3B8DE03628FA777400B9FD71 /* MapKit.framework in Frameworks */ = {isa = PBXBuildFile; fileRef = E1EE76101F1E1B6700D77AEB /* MapKit.framework */; };
		3B8DE03A28FA883500B9FD71 /* PizzaHistoryAnnotations.swift in Sources */ = {isa = PBXBuildFile; fileRef = 3B8DE03928FA883500B9FD71 /* PizzaHistoryAnnotations.swift */; };
		3B8DE03D28FA8EF600B9FD71 /* AnnotationDetailViewController.swift in Sources */ = {isa = PBXBuildFile; fileRef = 3B8DE03B28FA8EF600B9FD71 /* AnnotationDetailViewController.swift */; };
		3B8DE03E28FA8EF600B9FD71 /* AnnotationDetailViewController.xib in Resources */ = {isa = PBXBuildFile; fileRef = 3B8DE03C28FA8EF600B9FD71 /* AnnotationDetailViewController.xib */; };
		E1EE75FE1F1E1B2F00D77AEB /* AppDelegate.swift in Sources */ = {isa = PBXBuildFile; fileRef = E1EE75FD1F1E1B2F00D77AEB /* AppDelegate.swift */; };
		E1EE76001F1E1B2F00D77AEB /* ViewController.swift in Sources */ = {isa = PBXBuildFile; fileRef = E1EE75FF1F1E1B2F00D77AEB /* ViewController.swift */; };
		E1EE76031F1E1B2F00D77AEB /* Main.storyboard in Resources */ = {isa = PBXBuildFile; fileRef = E1EE76011F1E1B2F00D77AEB /* Main.storyboard */; };
		E1EE76051F1E1B2F00D77AEB /* Assets.xcassets in Resources */ = {isa = PBXBuildFile; fileRef = E1EE76041F1E1B2F00D77AEB /* Assets.xcassets */; };
		E1EE76081F1E1B2F00D77AEB /* LaunchScreen.storyboard in Resources */ = {isa = PBXBuildFile; fileRef = E1EE76061F1E1B2F00D77AEB /* LaunchScreen.storyboard */; };
		E1EE76171F1E29E900D77AEB /* PizzaAnnotation.swift in Sources */ = {isa = PBXBuildFile; fileRef = E1EE76161F1E29E900D77AEB /* PizzaAnnotation.swift */; };
/* End PBXBuildFile section */

/* Begin PBXFileReference section */
		3B8DE03928FA883500B9FD71 /* PizzaHistoryAnnotations.swift */ = {isa = PBXFileReference; fileEncoding = 4; lastKnownFileType = sourcecode.swift; path = PizzaHistoryAnnotations.swift; sourceTree = "<group>"; };
		3B8DE03B28FA8EF600B9FD71 /* AnnotationDetailViewController.swift */ = {isa = PBXFileReference; fileEncoding = 4; lastKnownFileType = sourcecode.swift; path = AnnotationDetailViewController.swift; sourceTree = "<group>"; };
		3B8DE03C28FA8EF600B9FD71 /* AnnotationDetailViewController.xib */ = {isa = PBXFileReference; fileEncoding = 4; lastKnownFileType = file.xib; path = AnnotationDetailViewController.xib; sourceTree = "<group>"; };
		E1EE75FA1F1E1B2F00D77AEB /* PizzaHistoryMap.app */ = {isa = PBXFileReference; explicitFileType = wrapper.application; includeInIndex = 0; path = PizzaHistoryMap.app; sourceTree = BUILT_PRODUCTS_DIR; };
		E1EE75FD1F1E1B2F00D77AEB /* AppDelegate.swift */ = {isa = PBXFileReference; lastKnownFileType = sourcecode.swift; path = AppDelegate.swift; sourceTree = "<group>"; };
		E1EE75FF1F1E1B2F00D77AEB /* ViewController.swift */ = {isa = PBXFileReference; lastKnownFileType = sourcecode.swift; path = ViewController.swift; sourceTree = "<group>"; };
		E1EE76021F1E1B2F00D77AEB /* Base */ = {isa = PBXFileReference; lastKnownFileType = file.storyboard; name = Base; path = Base.lproj/Main.storyboard; sourceTree = "<group>"; };
		E1EE76041F1E1B2F00D77AEB /* Assets.xcassets */ = {isa = PBXFileReference; lastKnownFileType = folder.assetcatalog; path = Assets.xcassets; sourceTree = "<group>"; };
		E1EE76071F1E1B2F00D77AEB /* Base */ = {isa = PBXFileReference; lastKnownFileType = file.storyboard; name = Base; path = Base.lproj/LaunchScreen.storyboard; sourceTree = "<group>"; };
		E1EE76091F1E1B2F00D77AEB /* Info.plist */ = {isa = PBXFileReference; lastKnownFileType = text.plist.xml; path = Info.plist; sourceTree = "<group>"; };
		E1EE76101F1E1B6700D77AEB /* MapKit.framework */ = {isa = PBXFileReference; lastKnownFileType = wrapper.framework; name = MapKit.framework; path = System/Library/Frameworks/MapKit.framework; sourceTree = SDKROOT; };
		E1EE76161F1E29E900D77AEB /* PizzaAnnotation.swift */ = {isa = PBXFileReference; fileEncoding = 4; lastKnownFileType = sourcecode.swift; path = PizzaAnnotation.swift; sourceTree = "<group>"; };
/* End PBXFileReference section */

/* Begin PBXFrameworksBuildPhase section */
		E1EE75F71F1E1B2F00D77AEB /* Frameworks */ = {
			isa = PBXFrameworksBuildPhase;
			buildActionMask = 2147483647;
			files = (
				3B8DE03628FA777400B9FD71 /* MapKit.framework in Frameworks */,
			);
			runOnlyForDeploymentPostprocessing = 0;
		};
/* End PBXFrameworksBuildPhase section */

/* Begin PBXGroup section */
		E1EE75F11F1E1B2F00D77AEB = {
			isa = PBXGroup;
			children = (
				E1EE75FC1F1E1B2F00D77AEB /* PizzaHistoryMap */,
				E1EE75FB1F1E1B2F00D77AEB /* Products */,
				E1EE760F1F1E1B6700D77AEB /* Frameworks */,
			);
			sourceTree = "<group>";
		};
		E1EE75FB1F1E1B2F00D77AEB /* Products */ = {
			isa = PBXGroup;
			children = (
				E1EE75FA1F1E1B2F00D77AEB /* PizzaHistoryMap.app */,
			);
			name = Products;
			sourceTree = "<group>";
		};
		E1EE75FC1F1E1B2F00D77AEB /* PizzaHistoryMap */ = {
			isa = PBXGroup;
			children = (
				3B8DE03928FA883500B9FD71 /* PizzaHistoryAnnotations.swift */,
				E1EE76161F1E29E900D77AEB /* PizzaAnnotation.swift */,
				E1EE75FD1F1E1B2F00D77AEB /* AppDelegate.swift */,
				E1EE75FF1F1E1B2F00D77AEB /* ViewController.swift */,
				3B8DE03B28FA8EF600B9FD71 /* AnnotationDetailViewController.swift */,
				3B8DE03C28FA8EF600B9FD71 /* AnnotationDetailViewController.xib */,
				E1EE76011F1E1B2F00D77AEB /* Main.storyboard */,
				E1EE76061F1E1B2F00D77AEB /* LaunchScreen.storyboard */,
				E1EE76041F1E1B2F00D77AEB /* Assets.xcassets */,
				E1EE76091F1E1B2F00D77AEB /* Info.plist */,
			);
			path = PizzaHistoryMap;
			sourceTree = "<group>";
		};
		E1EE760F1F1E1B6700D77AEB /* Frameworks */ = {
			isa = PBXGroup;
			children = (
				E1EE76101F1E1B6700D77AEB /* MapKit.framework */,
			);
			name = Frameworks;
			sourceTree = "<group>";
		};
/* End PBXGroup section */

/* Begin PBXNativeTarget section */
		E1EE75F91F1E1B2F00D77AEB /* PizzaHistoryMap */ = {
			isa = PBXNativeTarget;
			buildConfigurationList = E1EE760C1F1E1B2F00D77AEB /* Build configuration list for PBXNativeTarget "PizzaHistoryMap" */;
			buildPhases = (
				E1EE75F61F1E1B2F00D77AEB /* Sources */,
				E1EE75F71F1E1B2F00D77AEB /* Frameworks */,
				E1EE75F81F1E1B2F00D77AEB /* Resources */,
			);
			buildRules = (
			);
			dependencies = (
			);
			name = PizzaHistoryMap;
			productName = PizzaHistoryMap;
			productReference = E1EE75FA1F1E1B2F00D77AEB /* PizzaHistoryMap.app */;
			productType = "com.apple.product-type.application";
		};
/* End PBXNativeTarget section */

/* Begin PBXProject section */
		E1EE75F21F1E1B2F00D77AEB /* Project object */ = {
			isa = PBXProject;
			attributes = {
				LastSwiftUpdateCheck = 0830;
				LastUpgradeCheck = 1340;
				ORGANIZATIONNAME = "Dmitrii Kim";
				TargetAttributes = {
					E1EE75F91F1E1B2F00D77AEB = {
						CreatedOnToolsVersion = 8.3.3;
						DevelopmentTeam = G3VP62JDQQ;
						ProvisioningStyle = Automatic;
						SystemCapabilities = {
							com.apple.Maps.iOS = {
								enabled = 0;
							};
						};
					};
				};
			};
			buildConfigurationList = E1EE75F51F1E1B2F00D77AEB /* Build configuration list for PBXProject "PizzaHistoryMap" */;
			compatibilityVersion = "Xcode 13.0";
			developmentRegion = en;
			hasScannedForEncodings = 0;
			knownRegions = (
				en,
				Base,
			);
			mainGroup = E1EE75F11F1E1B2F00D77AEB;
			productRefGroup = E1EE75FB1F1E1B2F00D77AEB /* Products */;
			projectDirPath = "";
			projectRoot = "";
			targets = (
				E1EE75F91F1E1B2F00D77AEB /* PizzaHistoryMap */,
			);
		};
/* End PBXProject section */

/* Begin PBXResourcesBuildPhase section */
		E1EE75F81F1E1B2F00D77AEB /* Resources */ = {
			isa = PBXResourcesBuildPhase;
			buildActionMask = 2147483647;
			files = (
				3B8DE03E28FA8EF600B9FD71 /* AnnotationDetailViewController.xib in Resources */,
				E1EE76081F1E1B2F00D77AEB /* LaunchScreen.storyboard in Resources */,
				E1EE76051F1E1B2F00D77AEB /* Assets.xcassets in Resources */,
				E1EE76031F1E1B2F00D77AEB /* Main.storyboard in Resources */,
			);
			runOnlyForDeploymentPostprocessing = 0;
		};
/* End PBXResourcesBuildPhase section */

/* Begin PBXSourcesBuildPhase section */
		E1EE75F61F1E1B2F00D77AEB /* Sources */ = {
			isa = PBXSourcesBuildPhase;
			buildActionMask = 2147483647;
			files = (
				E1EE76171F1E29E900D77AEB /* PizzaAnnotation.swift in Sources */,
				3B8DE03D28FA8EF600B9FD71 /* AnnotationDetailViewController.swift in Sources */,
				E1EE76001F1E1B2F00D77AEB /* ViewController.swift in Sources */,
				3B8DE03A28FA883500B9FD71 /* PizzaHistoryAnnotations.swift in Sources */,
				E1EE75FE1F1E1B2F00D77AEB /* AppDelegate.swift in Sources */,
			);
			runOnlyForDeploymentPostprocessing = 0;
		};
/* End PBXSourcesBuildPhase section */

/* Begin PBXVariantGroup section */
		E1EE76011F1E1B2F00D77AEB /* Main.storyboard */ = {
			isa = PBXVariantGroup;
			children = (
				E1EE76021F1E1B2F00D77AEB /* Base */,
			);
			name = Main.storyboard;
			sourceTree = "<group>";
		};
		E1EE76061F1E1B2F00D77AEB /* LaunchScreen.storyboard */ = {
			isa = PBXVariantGroup;
			children = (
				E1EE76071F1E1B2F00D77AEB /* Base */,
			);
			name = LaunchScreen.storyboard;
			sourceTree = "<group>";
		};
/* End PBXVariantGroup section */

/* Begin XCBuildConfiguration section */
		E1EE760A1F1E1B2F00D77AEB /* Debug */ = {
			isa = XCBuildConfiguration;
			buildSettings = {
				ALWAYS_SEARCH_USER_PATHS = NO;
				CLANG_ANALYZER_NONNULL = YES;
				CLANG_ANALYZER_NUMBER_OBJECT_CONVERSION = YES_AGGRESSIVE;
				CLANG_CXX_LANGUAGE_STANDARD = "gnu++0x";
				CLANG_CXX_LIBRARY = "libc++";
				CLANG_ENABLE_MODULES = YES;
				CLANG_ENABLE_OBJC_ARC = YES;
				CLANG_WARN_BLOCK_CAPTURE_AUTORELEASING = YES;
				CLANG_WARN_BOOL_CONVERSION = YES;
				CLANG_WARN_COMMA = YES;
				CLANG_WARN_CONSTANT_CONVERSION = YES;
				CLANG_WARN_DEPRECATED_OBJC_IMPLEMENTATIONS = YES;
				CLANG_WARN_DIRECT_OBJC_ISA_USAGE = YES_ERROR;
				CLANG_WARN_DOCUMENTATION_COMMENTS = YES;
				CLANG_WARN_EMPTY_BODY = YES;
				CLANG_WARN_ENUM_CONVERSION = YES;
				CLANG_WARN_INFINITE_RECURSION = YES;
				CLANG_WARN_INT_CONVERSION = YES;
				CLANG_WARN_NON_LITERAL_NULL_CONVERSION = YES;
				CLANG_WARN_OBJC_IMPLICIT_RETAIN_SELF = YES;
				CLANG_WARN_OBJC_LITERAL_CONVERSION = YES;
				CLANG_WARN_OBJC_ROOT_CLASS = YES_ERROR;
				CLANG_WARN_QUOTED_INCLUDE_IN_FRAMEWORK_HEADER = YES;
				CLANG_WARN_RANGE_LOOP_ANALYSIS = YES;
				CLANG_WARN_STRICT_PROTOTYPES = YES;
				CLANG_WARN_SUSPICIOUS_MOVE = YES;
				CLANG_WARN_UNREACHABLE_CODE = YES;
				CLANG_WARN__DUPLICATE_METHOD_MATCH = YES;
				"CODE_SIGN_IDENTITY[sdk=iphoneos*]" = "iPhone Developer";
				COPY_PHASE_STRIP = NO;
				DEBUG_INFORMATION_FORMAT = dwarf;
				ENABLE_STRICT_OBJC_MSGSEND = YES;
				ENABLE_TESTABILITY = YES;
				GCC_C_LANGUAGE_STANDARD = gnu99;
				GCC_DYNAMIC_NO_PIC = NO;
				GCC_NO_COMMON_BLOCKS = YES;
				GCC_OPTIMIZATION_LEVEL = 0;
				GCC_PREPROCESSOR_DEFINITIONS = (
					"DEBUG=1",
					"$(inherited)",
				);
				GCC_WARN_64_TO_32_BIT_CONVERSION = YES;
				GCC_WARN_ABOUT_RETURN_TYPE = YES_ERROR;
				GCC_WARN_UNDECLARED_SELECTOR = YES;
				GCC_WARN_UNINITIALIZED_AUTOS = YES_AGGRESSIVE;
				GCC_WARN_UNUSED_FUNCTION = YES;
				GCC_WARN_UNUSED_VARIABLE = YES;
				IPHONEOS_DEPLOYMENT_TARGET = 15.5;
				MTL_ENABLE_DEBUG_INFO = YES;
				ONLY_ACTIVE_ARCH = YES;
				SDKROOT = iphoneos;
				SWIFT_ACTIVE_COMPILATION_CONDITIONS = DEBUG;
				SWIFT_OPTIMIZATION_LEVEL = "-Onone";
				TARGETED_DEVICE_FAMILY = "1,2";
			};
			name = Debug;
		};
		E1EE760B1F1E1B2F00D77AEB /* Release */ = {
			isa = XCBuildConfiguration;
			buildSettings = {
				ALWAYS_SEARCH_USER_PATHS = NO;
				CLANG_ANALYZER_NONNULL = YES;
				CLANG_ANALYZER_NUMBER_OBJECT_CONVERSION = YES_AGGRESSIVE;
				CLANG_CXX_LANGUAGE_STANDARD = "gnu++0x";
				CLANG_CXX_LIBRARY = "libc++";
				CLANG_ENABLE_MODULES = YES;
				CLANG_ENABLE_OBJC_ARC = YES;
				CLANG_WARN_BLOCK_CAPTURE_AUTORELEASING = YES;
				CLANG_WARN_BOOL_CONVERSION = YES;
				CLANG_WARN_COMMA = YES;
				CLANG_WARN_CONSTANT_CONVERSION = YES;
				CLANG_WARN_DEPRECATED_OBJC_IMPLEMENTATIONS = YES;
				CLANG_WARN_DIRECT_OBJC_ISA_USAGE = YES_ERROR;
				CLANG_WARN_DOCUMENTATION_COMMENTS = YES;
				CLANG_WARN_EMPTY_BODY = YES;
				CLANG_WARN_ENUM_CONVERSION = YES;
				CLANG_WARN_INFINITE_RECURSION = YES;
				CLANG_WARN_INT_CONVERSION = YES;
				CLANG_WARN_NON_LITERAL_NULL_CONVERSION = YES;
				CLANG_WARN_OBJC_IMPLICIT_RETAIN_SELF = YES;
				CLANG_WARN_OBJC_LITERAL_CONVERSION = YES;
				CLANG_WARN_OBJC_ROOT_CLASS = YES_ERROR;
				CLANG_WARN_QUOTED_INCLUDE_IN_FRAMEWORK_HEADER = YES;
				CLANG_WARN_RANGE_LOOP_ANALYSIS = YES;
				CLANG_WARN_STRICT_PROTOTYPES = YES;
				CLANG_WARN_SUSPICIOUS_MOVE = YES;
				CLANG_WARN_UNREACHABLE_CODE = YES;
				CLANG_WARN__DUPLICATE_METHOD_MATCH = YES;
				"CODE_SIGN_IDENTITY[sdk=iphoneos*]" = "iPhone Developer";
				COPY_PHASE_STRIP = NO;
				DEBUG_INFORMATION_FORMAT = "dwarf-with-dsym";
				ENABLE_NS_ASSERTIONS = NO;
				ENABLE_STRICT_OBJC_MSGSEND = YES;
				GCC_C_LANGUAGE_STANDARD = gnu99;
				GCC_NO_COMMON_BLOCKS = YES;
				GCC_WARN_64_TO_32_BIT_CONVERSION = YES;
				GCC_WARN_ABOUT_RETURN_TYPE = YES_ERROR;
				GCC_WARN_UNDECLARED_SELECTOR = YES;
				GCC_WARN_UNINITIALIZED_AUTOS = YES_AGGRESSIVE;
				GCC_WARN_UNUSED_FUNCTION = YES;
				GCC_WARN_UNUSED_VARIABLE = YES;
				IPHONEOS_DEPLOYMENT_TARGET = 15.5;
				MTL_ENABLE_DEBUG_INFO = NO;
				SDKROOT = iphoneos;
				SWIFT_COMPILATION_MODE = wholemodule;
				SWIFT_OPTIMIZATION_LEVEL = "-O";
				TARGETED_DEVICE_FAMILY = "1,2";
				VALIDATE_PRODUCT = YES;
			};
			name = Release;
		};
		E1EE760D1F1E1B2F00D77AEB /* Debug */ = {
			isa = XCBuildConfiguration;
			buildSettings = {
				ASSETCATALOG_COMPILER_APPICON_NAME = AppIcon;
				DEVELOPMENT_TEAM = G3VP62JDQQ;
				INFOPLIST_FILE = PizzaHistoryMap/Info.plist;
				LD_RUNPATH_SEARCH_PATHS = (
					"$(inherited)",
					"@executable_path/Frameworks",
				);
				PRODUCT_BUNDLE_IDENTIFIER = com.makeapppie.PizzaHistoryMap;
				PRODUCT_NAME = "$(TARGET_NAME)";
				SWIFT_VERSION = 5.0;
			};
			name = Debug;
		};
		E1EE760E1F1E1B2F00D77AEB /* Release */ = {
			isa = XCBuildConfiguration;
			buildSettings = {
				ASSETCATALOG_COMPILER_APPICON_NAME = AppIcon;
				DEVELOPMENT_TEAM = G3VP62JDQQ;
				INFOPLIST_FILE = PizzaHistoryMap/Info.plist;
				LD_RUNPATH_SEARCH_PATHS = (
					"$(inherited)",
					"@executable_path/Frameworks",
				);
				PRODUCT_BUNDLE_IDENTIFIER = com.makeapppie.PizzaHistoryMap;
				PRODUCT_NAME = "$(TARGET_NAME)";
				SWIFT_VERSION = 5.0;
			};
			name = Release;
		};
/* End XCBuildConfiguration section */

/* Begin XCConfigurationList section */
		E1EE75F51F1E1B2F00D77AEB /* Build configuration list for PBXProject "PizzaHistoryMap" */ = {
			isa = XCConfigurationList;
			buildConfigurations = (
				E1EE760A1F1E1B2F00D77AEB /* Debug */,
				E1EE760B1F1E1B2F00D77AEB /* Release */,
			);
			defaultConfigurationIsVisible = 0;
			defaultConfigurationName = Release;
		};
		E1EE760C1F1E1B2F00D77AEB /* Build configuration list for PBXNativeTarget "PizzaHistoryMap" */ = {
			isa = XCConfigurationList;
			buildConfigurations = (
				E1EE760D1F1E1B2F00D77AEB /* Debug */,
				E1EE760E1F1E1B2F00D77AEB /* Release */,
			);
			defaultConfigurationIsVisible = 0;
			defaultConfigurationName = Release;
		};
/* End XCConfigurationList section */
	};
	rootObject = E1EE75F21F1E1B2F00D77AEB /* Project object */;
}
